// !$*UTF8*$!
{
	archiveVersion = 1;
	classes = {
	};
	objectVersion = 46;
	objects = {

/* Begin PBXBuildFile section */
		12AD58621CAF3C3A00949B20 /* main.m in Sources */ = {isa = PBXBuildFile; fileRef = 12AD58611CAF3C3A00949B20 /* main.m */; };
		12AD58651CAF3C3A00949B20 /* AppDelegate.m in Sources */ = {isa = PBXBuildFile; fileRef = 12AD58641CAF3C3A00949B20 /* AppDelegate.m */; };
		12AD58681CAF3C3A00949B20 /* ViewController.m in Sources */ = {isa = PBXBuildFile; fileRef = 12AD58671CAF3C3A00949B20 /* ViewController.m */; };
		12AD586B1CAF3C3A00949B20 /* Main.storyboard in Resources */ = {isa = PBXBuildFile; fileRef = 12AD58691CAF3C3A00949B20 /* Main.storyboard */; };
		12AD586D1CAF3C3A00949B20 /* Assets.xcassets in Resources */ = {isa = PBXBuildFile; fileRef = 12AD586C1CAF3C3A00949B20 /* Assets.xcassets */; };
		12AD58701CAF3C3A00949B20 /* LaunchScreen.storyboard in Resources */ = {isa = PBXBuildFile; fileRef = 12AD586E1CAF3C3A00949B20 /* LaunchScreen.storyboard */; };
/* End PBXBuildFile section */

/* Begin PBXFileReference section */
		12AD585D1CAF3C3A00949B20 /* GitConflictExample.app */ = {isa = PBXFileReference; explicitFileType = wrapper.application; includeInIndex = 0; path = GitConflictExample.app; sourceTree = BUILT_PRODUCTS_DIR; };
		12AD58611CAF3C3A00949B20 /* main.m */ = {isa = PBXFileReference; lastKnownFileType = sourcecode.c.objc; path = main.m; sourceTree = "<group>"; };
		12AD58631CAF3C3A00949B20 /* AppDelegate.h */ = {isa = PBXFileReference; lastKnownFileType = sourcecode.c.h; path = AppDelegate.h; sourceTree = "<group>"; };
		12AD58641CAF3C3A00949B20 /* AppDelegate.m */ = {isa = PBXFileReference; lastKnownFileType = sourcecode.c.objc; path = AppDelegate.m; sourceTree = "<group>"; };
		12AD58661CAF3C3A00949B20 /* ViewController.h */ = {isa = PBXFileReference; lastKnownFileType = sourcecode.c.h; path = ViewController.h; sourceTree = "<group>"; };
		12AD58671CAF3C3A00949B20 /* ViewController.m */ = {isa = PBXFileReference; lastKnownFileType = sourcecode.c.objc; path = ViewController.m; sourceTree = "<group>"; };
		12AD586A1CAF3C3A00949B20 /* Base */ = {isa = PBXFileReference; lastKnownFileType = file.storyboard; name = Base; path = Base.lproj/Main.storyboard; sourceTree = "<group>"; };
		12AD586C1CAF3C3A00949B20 /* Assets.xcassets */ = {isa = PBXFileReference; lastKnownFileType = folder.assetcatalog; path = Assets.xcassets; sourceTree = "<group>"; };
		12AD586F1CAF3C3A00949B20 /* Base */ = {isa = PBXFileReference; lastKnownFileType = file.storyboard; name = Base; path = Base.lproj/LaunchScreen.storyboard; sourceTree = "<group>"; };
		12AD58711CAF3C3A00949B20 /* Info.plist */ = {isa = PBXFileReference; lastKnownFileType = text.plist.xml; path = Info.plist; sourceTree = "<group>"; };
/* End PBXFileReference section */

/* Begin PBXFrameworksBuildPhase section */
		12AD585A1CAF3C3A00949B20 /* Frameworks */ = {
			isa = PBXFrameworksBuildPhase;
			buildActionMask = 2147483647;
			files = (
			);
			runOnlyForDeploymentPostprocessing = 0;
		};
/* End PBXFrameworksBuildPhase section */

/* Begin PBXGroup section */
		12AD58541CAF3C3A00949B20 = {
			isa = PBXGroup;
			children = (
				12AD585F1CAF3C3A00949B20 /* GitConflictExample */,
				12AD585E1CAF3C3A00949B20 /* Products */,
			);
			sourceTree = "<group>";
		};
		12AD585E1CAF3C3A00949B20 /* Products */ = {
			isa = PBXGroup;
			children = (
				12AD585D1CAF3C3A00949B20 /* GitConflictExample.app */,
			);
			name = Products;
			sourceTree = "<group>";
		};
		12AD585F1CAF3C3A00949B20 /* GitConflictExample */ = {
			isa = PBXGroup;
			children = (
				12AD58631CAF3C3A00949B20 /* AppDelegate.h */,
				12AD58641CAF3C3A00949B20 /* AppDelegate.m */,
				12AD58661CAF3C3A00949B20 /* ViewController.h */,
				12AD58671CAF3C3A00949B20 /* ViewController.m */,
				12AD58691CAF3C3A00949B20 /* Main.storyboard */,
				12AD586C1CAF3C3A00949B20 /* Assets.xcassets */,
				12AD586E1CAF3C3A00949B20 /* LaunchScreen.storyboard */,
				12AD58711CAF3C3A00949B20 /* Info.plist */,
				12AD58601CAF3C3A00949B20 /* Supporting Files */,
			);
			path = GitConflictExample;
			sourceTree = "<group>";
		};
		12AD58601CAF3C3A00949B20 /* Supporting Files */ = {
			isa = PBXGroup;
			children = (
				12AD58611CAF3C3A00949B20 /* main.m */,
			);
			name = "Supporting Files";
			sourceTree = "<group>";
		};
/* End PBXGroup section */

/* Begin PBXNativeTarget section */
		12AD585C1CAF3C3A00949B20 /* GitConflictExample */ = {
			isa = PBXNativeTarget;
			buildConfigurationList = 12AD58741CAF3C3A00949B20 /* Build configuration list for PBXNativeTarget "GitConflictExample" */;
			buildPhases = (
				12AD58591CAF3C3A00949B20 /* Sources */,
				12AD585A1CAF3C3A00949B20 /* Frameworks */,
				12AD585B1CAF3C3A00949B20 /* Resources */,
			);
			buildRules = (
			);
			dependencies = (
			);
			name = GitConflictExample;
			productName = GitConflictExample;
			productReference = 12AD585D1CAF3C3A00949B20 /* GitConflictExample.app */;
			productType = "com.apple.product-type.application";
		};
/* End PBXNativeTarget section */

/* Begin PBXProject section */
		12AD58551CAF3C3A00949B20 /* Project object */ = {
			isa = PBXProject;
			attributes = {
				LastUpgradeCheck = 0730;
				ORGANIZATIONNAME = "Daniel Mathews";
				TargetAttributes = {
					12AD585C1CAF3C3A00949B20 = {
						CreatedOnToolsVersion = 7.3;
					};
				};
			};
			buildConfigurationList = 12AD58581CAF3C3A00949B20 /* Build configuration list for PBXProject "GitConflictExample" */;
			compatibilityVersion = "Xcode 3.2";
			developmentRegion = English;
			hasScannedForEncodings = 0;
			knownRegions = (
				en,
				Base,
			);
			mainGroup = 12AD58541CAF3C3A00949B20;
			productRefGroup = 12AD585E1CAF3C3A00949B20 /* Products */;
			projectDirPath = "";
			projectRoot = "";
			targets = (
				12AD585C1CAF3C3A00949B20 /* GitConflictExample */,
			);
		};
/* End PBXProject section */

/* Begin PBXResourcesBuildPhase section */
		12AD585B1CAF3C3A00949B20 /* Resources */ = {
			isa = PBXResourcesBuildPhase;
			buildActionMask = 2147483647;
			files = (
				12AD58701CAF3C3A00949B20 /* LaunchScreen.storyboard in Resources */,
				12AD586D1CAF3C3A00949B20 /* Assets.xcassets in Resources */,
				12AD586B1CAF3C3A00949B20 /* Main.storyboard in Resources */,
			);
			runOnlyForDeploymentPostprocessing = 0;
		};
/* End PBXResourcesBuildPhase section */

/* Begin PBXSourcesBuildPhase section */
		12AD58591CAF3C3A00949B20 /* Sources */ = {
			isa = PBXSourcesBuildPhase;
			buildActionMask = 2147483647;
			files = (
				12AD58681CAF3C3A00949B20 /* ViewController.m in Sources */,
				12AD58651CAF3C3A00949B20 /* AppDelegate.m in Sources */,
				12AD58621CAF3C3A00949B20 /* main.m in Sources */,
			);
			runOnlyForDeploymentPostprocessing = 0;
		};
/* End PBXSourcesBuildPhase section */

/* Begin PBXVariantGroup section */
		12AD58691CAF3C3A00949B20 /* Main.storyboard */ = {
			isa = PBXVariantGroup;
			children = (
				12AD586A1CAF3C3A00949B20 /* Base */,
			);
			name = Main.storyboard;
			sourceTree = "<group>";
		};
		12AD586E1CAF3C3A00949B20 /* LaunchScreen.storyboard */ = {
			isa = PBXVariantGroup;
			children = (
				12AD586F1CAF3C3A00949B20 /* Base */,
			);
			name = LaunchScreen.storyboard;
			sourceTree = "<group>";
		};
/* End PBXVariantGroup section */

/* Begin XCBuildConfiguration section */
		12AD58721CAF3C3A00949B20 /* Debug */ = {
			isa = XCBuildConfiguration;
			buildSettings = {
				ALWAYS_SEARCH_USER_PATHS = NO;
				CLANG_ANALYZER_NONNULL = YES;
				CLANG_CXX_LANGUAGE_STANDARD = "gnu++0x";
				CLANG_CXX_LIBRARY = "libc++";
				CLANG_ENABLE_MODULES = YES;
				CLANG_ENABLE_OBJC_ARC = YES;
				CLANG_WARN_BOOL_CONVERSION = YES;
				CLANG_WARN_CONSTANT_CONVERSION = YES;
				CLANG_WARN_DIRECT_OBJC_ISA_USAGE = YES_ERROR;
				CLANG_WARN_EMPTY_BODY = YES;
				CLANG_WARN_ENUM_CONVERSION = YES;
				CLANG_WARN_INT_CONVERSION = YES;
				CLANG_WARN_OBJC_ROOT_CLASS = YES_ERROR;
				CLANG_WARN_UNREACHABLE_CODE = YES;
				CLANG_WARN__DUPLICATE_METHOD_MATCH = YES;
				"CODE_SIGN_IDENTITY[sdk=iphoneos*]" = "iPhone Developer";
				COPY_PHASE_STRIP = NO;
				DEBUG_INFORMATION_FORMAT = dwarf;
				ENABLE_STRICT_OBJC_MSGSEND = YES;
				ENABLE_TESTABILITY = YES;
				GCC_C_LANGUAGE_STANDARD = gnu99;
				GCC_DYNAMIC_NO_PIC = NO;
				GCC_NO_COMMON_BLOCKS = YES;
				GCC_OPTIMIZATION_LEVEL = 0;
				GCC_PREPROCESSOR_DEFINITIONS = (
					"DEBUG=1",
					"$(inherited)",
				);
				GCC_WARN_64_TO_32_BIT_CONVERSION = YES;
				GCC_WARN_ABOUT_RETURN_TYPE = YES_ERROR;
				GCC_WARN_UNDECLARED_SELECTOR = YES;
				GCC_WARN_UNINITIALIZED_AUTOS = YES_AGGRESSIVE;
				GCC_WARN_UNUSED_FUNCTION = YES;
				GCC_WARN_UNUSED_VARIABLE = YES;
				IPHONEOS_DEPLOYMENT_TARGET = 9.3;
				MTL_ENABLE_DEBUG_INFO = YES;
				ONLY_ACTIVE_ARCH = YES;
				SDKROOT = iphoneos;
			};
			name = Debug;
		};
		12AD58731CAF3C3A00949B20 /* Release */ = {
			isa = XCBuildConfiguration;
			buildSettings = {
				ALWAYS_SEARCH_USER_PATHS = NO;
				CLANG_ANALYZER_NONNULL = YES;
				CLANG_CXX_LANGUAGE_STANDARD = "gnu++0x";
				CLANG_CXX_LIBRARY = "libc++";
				CLANG_ENABLE_MODULES = YES;
				CLANG_ENABLE_OBJC_ARC = YES;
				CLANG_WARN_BOOL_CONVERSION = YES;
				CLANG_WARN_CONSTANT_CONVERSION = YES;
				CLANG_WARN_DIRECT_OBJC_ISA_USAGE = YES_ERROR;
				CLANG_WARN_EMPTY_BODY = YES;
				CLANG_WARN_ENUM_CONVERSION = YES;
				CLANG_WARN_INT_CONVERSION = YES;
				CLANG_WARN_OBJC_ROOT_CLASS = YES_ERROR;
				CLANG_WARN_UNREACHABLE_CODE = YES;
				CLANG_WARN__DUPLICATE_METHOD_MATCH = YES;
				"CODE_SIGN_IDENTITY[sdk=iphoneos*]" = "iPhone Developer";
				COPY_PHASE_STRIP = NO;
				DEBUG_INFORMATION_FORMAT = "dwarf-with-dsym";
				ENABLE_NS_ASSERTIONS = NO;
				ENABLE_STRICT_OBJC_MSGSEND = YES;
				GCC_C_LANGUAGE_STANDARD = gnu99;
				GCC_NO_COMMON_BLOCKS = YES;
				GCC_WARN_64_TO_32_BIT_CONVERSION = YES;
				GCC_WARN_ABOUT_RETURN_TYPE = YES_ERROR;
				GCC_WARN_UNDECLARED_SELECTOR = YES;
				GCC_WARN_UNINITIALIZED_AUTOS = YES_AGGRESSIVE;
				GCC_WARN_UNUSED_FUNCTION = YES;
				GCC_WARN_UNUSED_VARIABLE = YES;
				IPHONEOS_DEPLOYMENT_TARGET = 9.3;
				MTL_ENABLE_DEBUG_INFO = NO;
				SDKROOT = iphoneos;
				VALIDATE_PRODUCT = YES;
			};
			name = Release;
		};
		12AD58751CAF3C3A00949B20 /* Debug */ = {
			isa = XCBuildConfiguration;
			buildSettings = {
				ASSETCATALOG_COMPILER_APPICON_NAME = AppIcon;
				INFOPLIST_FILE = GitConflictExample/Info.plist;
				LD_RUNPATH_SEARCH_PATHS = "$(inherited) @executable_path/Frameworks";
				PRODUCT_BUNDLE_IDENTIFIER = ca.lighthouselabs.GitConflictExample;
				PRODUCT_NAME = "$(TARGET_NAME)";
			};
			name = Debug;
		};
		12AD58761CAF3C3A00949B20 /* Release */ = {
			isa = XCBuildConfiguration;
			buildSettings = {
				ASSETCATALOG_COMPILER_APPICON_NAME = AppIcon;
				INFOPLIST_FILE = GitConflictExample/Info.plist;
				LD_RUNPATH_SEARCH_PATHS = "$(inherited) @executable_path/Frameworks";
				PRODUCT_BUNDLE_IDENTIFIER = ca.lighthouselabs.GitConflictExample;
				PRODUCT_NAME = "$(TARGET_NAME)";
			};
			name = Release;
		};
/* End XCBuildConfiguration section */

/* Begin XCConfigurationList section */
		12AD58581CAF3C3A00949B20 /* Build configuration list for PBXProject "GitConflictExample" */ = {
			isa = XCConfigurationList;
			buildConfigurations = (
				12AD58721CAF3C3A00949B20 /* Debug */,
				12AD58731CAF3C3A00949B20 /* Release */,
			);
			defaultConfigurationIsVisible = 0;
			defaultConfigurationName = Release;
		};
		12AD58741CAF3C3A00949B20 /* Build configuration list for PBXNativeTarget "GitConflictExample" */ = {
			isa = XCConfigurationList;
			buildConfigurations = (
				12AD58751CAF3C3A00949B20 /* Debug */,
				12AD58761CAF3C3A00949B20 /* Release */,
			);
			defaultConfigurationIsVisible = 0;
		};
/* End XCConfigurationList section */
	};
	rootObject = 12AD58551CAF3C3A00949B20 /* Project object */;
}
